// !$*UTF8*$!
{
	archiveVersion = 1;
	classes = {
	};
	objectVersion = 56;
	objects = {

/* Begin PBXBuildFile section */
		4F388CD029E9CC6A00D66D2E /* AppIconHelper.swift in Sources */ = {isa = PBXBuildFile; fileRef = 4F388CCF29E9CC6A00D66D2E /* AppIconHelper.swift */; };
		4F388CD229ECA49300D66D2E /* SettingsView.swift in Sources */ = {isa = PBXBuildFile; fileRef = 4F388CD129ECA49300D66D2E /* SettingsView.swift */; };
		4F388CDC29EE57C300D66D2E /* MacSettings.swift in Sources */ = {isa = PBXBuildFile; fileRef = 4F388CDB29EE57C300D66D2E /* MacSettings.swift */; };
		4F4DEF1F29E4786E007B48BD /* NeuPomodoroApp.swift in Sources */ = {isa = PBXBuildFile; fileRef = 4F4DEF1E29E4786E007B48BD /* NeuPomodoroApp.swift */; };
		4F4DEF2129E4786E007B48BD /* ContentView.swift in Sources */ = {isa = PBXBuildFile; fileRef = 4F4DEF2029E4786E007B48BD /* ContentView.swift */; };
		4F4DEF2329E47870007B48BD /* Assets.xcassets in Resources */ = {isa = PBXBuildFile; fileRef = 4F4DEF2229E47870007B48BD /* Assets.xcassets */; };
		4F4DEF2729E47870007B48BD /* Preview Assets.xcassets in Resources */ = {isa = PBXBuildFile; fileRef = 4F4DEF2629E47870007B48BD /* Preview Assets.xcassets */; };
		4F4DEF3529E4B4EE007B48BD /* NeuShape.swift in Sources */ = {isa = PBXBuildFile; fileRef = 4F4DEF3429E4B4EE007B48BD /* NeuShape.swift */; };
		4F4DEF3729E4B53C007B48BD /* NeuButton.swift in Sources */ = {isa = PBXBuildFile; fileRef = 4F4DEF3629E4B53C007B48BD /* NeuButton.swift */; };
		4F4DEF3929E4B56B007B48BD /* NeuExtensions.swift in Sources */ = {isa = PBXBuildFile; fileRef = 4F4DEF3829E4B56B007B48BD /* NeuExtensions.swift */; };
		4F4DEF3C29E4BD86007B48BD /* CountdownTimer.swift in Sources */ = {isa = PBXBuildFile; fileRef = 4F4DEF3B29E4BD86007B48BD /* CountdownTimer.swift */; };
		4F537E4129E6585500D66410 /* Session.swift in Sources */ = {isa = PBXBuildFile; fileRef = 4F537E4029E6585500D66410 /* Session.swift */; };
		4F537E4329E770E600D66410 /* SessionProgressView.swift in Sources */ = {isa = PBXBuildFile; fileRef = 4F537E4229E770E600D66410 /* SessionProgressView.swift */; };
/* End PBXBuildFile section */

/* Begin PBXFileReference section */
		4F388CCF29E9CC6A00D66D2E /* AppIconHelper.swift */ = {isa = PBXFileReference; fileEncoding = 4; lastKnownFileType = sourcecode.swift; path = AppIconHelper.swift; sourceTree = "<group>"; };
		4F388CD129ECA49300D66D2E /* SettingsView.swift */ = {isa = PBXFileReference; lastKnownFileType = sourcecode.swift; path = SettingsView.swift; sourceTree = "<group>"; };
		4F388CDB29EE57C300D66D2E /* MacSettings.swift */ = {isa = PBXFileReference; lastKnownFileType = sourcecode.swift; path = MacSettings.swift; sourceTree = "<group>"; };
		4F4DEF1B29E4786E007B48BD /* NeuPomodoro.app */ = {isa = PBXFileReference; explicitFileType = wrapper.application; includeInIndex = 0; path = NeuPomodoro.app; sourceTree = BUILT_PRODUCTS_DIR; };
		4F4DEF1E29E4786E007B48BD /* NeuPomodoroApp.swift */ = {isa = PBXFileReference; lastKnownFileType = sourcecode.swift; path = NeuPomodoroApp.swift; sourceTree = "<group>"; };
		4F4DEF2029E4786E007B48BD /* ContentView.swift */ = {isa = PBXFileReference; lastKnownFileType = sourcecode.swift; path = ContentView.swift; sourceTree = "<group>"; };
		4F4DEF2229E47870007B48BD /* Assets.xcassets */ = {isa = PBXFileReference; lastKnownFileType = folder.assetcatalog; path = Assets.xcassets; sourceTree = "<group>"; };
		4F4DEF2429E47870007B48BD /* NeuPomodoro.entitlements */ = {isa = PBXFileReference; lastKnownFileType = text.plist.entitlements; path = NeuPomodoro.entitlements; sourceTree = "<group>"; };
		4F4DEF2629E47870007B48BD /* Preview Assets.xcassets */ = {isa = PBXFileReference; lastKnownFileType = folder.assetcatalog; path = "Preview Assets.xcassets"; sourceTree = "<group>"; };
		4F4DEF3429E4B4EE007B48BD /* NeuShape.swift */ = {isa = PBXFileReference; lastKnownFileType = sourcecode.swift; path = NeuShape.swift; sourceTree = "<group>"; };
		4F4DEF3629E4B53C007B48BD /* NeuButton.swift */ = {isa = PBXFileReference; lastKnownFileType = sourcecode.swift; path = NeuButton.swift; sourceTree = "<group>"; };
		4F4DEF3829E4B56B007B48BD /* NeuExtensions.swift */ = {isa = PBXFileReference; lastKnownFileType = sourcecode.swift; path = NeuExtensions.swift; sourceTree = "<group>"; };
		4F4DEF3B29E4BD86007B48BD /* CountdownTimer.swift */ = {isa = PBXFileReference; lastKnownFileType = sourcecode.swift; path = CountdownTimer.swift; sourceTree = "<group>"; };
		4F537E4029E6585500D66410 /* Session.swift */ = {isa = PBXFileReference; lastKnownFileType = sourcecode.swift; path = Session.swift; sourceTree = "<group>"; };
		4F537E4229E770E600D66410 /* SessionProgressView.swift */ = {isa = PBXFileReference; lastKnownFileType = sourcecode.swift; path = SessionProgressView.swift; sourceTree = "<group>"; };
/* End PBXFileReference section */

/* Begin PBXFrameworksBuildPhase section */
		4F4DEF1829E4786E007B48BD /* Frameworks */ = {
			isa = PBXFrameworksBuildPhase;
			buildActionMask = 2147483647;
			files = (
			);
			runOnlyForDeploymentPostprocessing = 0;
		};
/* End PBXFrameworksBuildPhase section */

/* Begin PBXGroup section */
		4F4DEF1229E4786E007B48BD = {
			isa = PBXGroup;
			children = (
				4F4DEF1D29E4786E007B48BD /* NeuPomodoro */,
				4F4DEF1C29E4786E007B48BD /* Products */,
			);
			sourceTree = "<group>";
		};
		4F4DEF1C29E4786E007B48BD /* Products */ = {
			isa = PBXGroup;
			children = (
				4F4DEF1B29E4786E007B48BD /* NeuPomodoro.app */,
			);
			name = Products;
			sourceTree = "<group>";
		};
		4F4DEF1D29E4786E007B48BD /* NeuPomodoro */ = {
			isa = PBXGroup;
			children = (
				4F537E3F29E6584500D66410 /* Helpers */,
				4F4DEF3A29E4BD6B007B48BD /* Views */,
				4F4DEF3329E4B4C8007B48BD /* Neumorphic */,
				4F4DEF1E29E4786E007B48BD /* NeuPomodoroApp.swift */,
				4F4DEF2029E4786E007B48BD /* ContentView.swift */,
				4F4DEF2229E47870007B48BD /* Assets.xcassets */,
				4F4DEF2429E47870007B48BD /* NeuPomodoro.entitlements */,
				4F4DEF2529E47870007B48BD /* Preview Content */,
			);
			path = NeuPomodoro;
			sourceTree = "<group>";
		};
		4F4DEF2529E47870007B48BD /* Preview Content */ = {
			isa = PBXGroup;
			children = (
				4F4DEF2629E47870007B48BD /* Preview Assets.xcassets */,
			);
			path = "Preview Content";
			sourceTree = "<group>";
		};
		4F4DEF3329E4B4C8007B48BD /* Neumorphic */ = {
			isa = PBXGroup;
			children = (
				4F4DEF3429E4B4EE007B48BD /* NeuShape.swift */,
				4F4DEF3629E4B53C007B48BD /* NeuButton.swift */,
				4F4DEF3829E4B56B007B48BD /* NeuExtensions.swift */,
			);
			path = Neumorphic;
			sourceTree = "<group>";
		};
		4F4DEF3A29E4BD6B007B48BD /* Views */ = {
			isa = PBXGroup;
			children = (
				4F4DEF3B29E4BD86007B48BD /* CountdownTimer.swift */,
				4F537E4229E770E600D66410 /* SessionProgressView.swift */,
				4F388CD129ECA49300D66D2E /* SettingsView.swift */,
			);
			path = Views;
			sourceTree = "<group>";
		};
		4F537E3F29E6584500D66410 /* Helpers */ = {
			isa = PBXGroup;
			children = (
				4F388CCF29E9CC6A00D66D2E /* AppIconHelper.swift */,
				4F537E4029E6585500D66410 /* Session.swift */,
				4F388CDB29EE57C300D66D2E /* MacSettings.swift */,
			);
			path = Helpers;
			sourceTree = "<group>";
		};
/* End PBXGroup section */

/* Begin PBXNativeTarget section */
		4F4DEF1A29E4786E007B48BD /* NeuPomodoro */ = {
			isa = PBXNativeTarget;
			buildConfigurationList = 4F4DEF2A29E47870007B48BD /* Build configuration list for PBXNativeTarget "NeuPomodoro" */;
			buildPhases = (
				4F4DEF1729E4786E007B48BD /* Sources */,
				4F4DEF1829E4786E007B48BD /* Frameworks */,
				4F4DEF1929E4786E007B48BD /* Resources */,
			);
			buildRules = (
			);
			dependencies = (
			);
			name = NeuPomodoro;
			packageProductDependencies = (
			);
			productName = NeuPomodoro;
			productReference = 4F4DEF1B29E4786E007B48BD /* NeuPomodoro.app */;
			productType = "com.apple.product-type.application";
		};
/* End PBXNativeTarget section */

/* Begin PBXProject section */
		4F4DEF1329E4786E007B48BD /* Project object */ = {
			isa = PBXProject;
			attributes = {
				BuildIndependentTargetsInParallel = 1;
				LastSwiftUpdateCheck = 1430;
				LastUpgradeCheck = 1430;
				TargetAttributes = {
					4F4DEF1A29E4786E007B48BD = {
						CreatedOnToolsVersion = 14.3;
					};
				};
			};
			buildConfigurationList = 4F4DEF1629E4786E007B48BD /* Build configuration list for PBXProject "NeuPomodoro" */;
			compatibilityVersion = "Xcode 14.0";
			developmentRegion = en;
			hasScannedForEncodings = 0;
			knownRegions = (
				en,
				Base,
			);
			mainGroup = 4F4DEF1229E4786E007B48BD;
			packageReferences = (
			);
			productRefGroup = 4F4DEF1C29E4786E007B48BD /* Products */;
			projectDirPath = "";
			projectRoot = "";
			targets = (
				4F4DEF1A29E4786E007B48BD /* NeuPomodoro */,
			);
		};
/* End PBXProject section */

/* Begin PBXResourcesBuildPhase section */
		4F4DEF1929E4786E007B48BD /* Resources */ = {
			isa = PBXResourcesBuildPhase;
			buildActionMask = 2147483647;
			files = (
				4F4DEF2729E47870007B48BD /* Preview Assets.xcassets in Resources */,
				4F4DEF2329E47870007B48BD /* Assets.xcassets in Resources */,
			);
			runOnlyForDeploymentPostprocessing = 0;
		};
/* End PBXResourcesBuildPhase section */

/* Begin PBXSourcesBuildPhase section */
		4F4DEF1729E4786E007B48BD /* Sources */ = {
			isa = PBXSourcesBuildPhase;
			buildActionMask = 2147483647;
			files = (
				4F537E4329E770E600D66410 /* SessionProgressView.swift in Sources */,
				4F537E4129E6585500D66410 /* Session.swift in Sources */,
				4F4DEF3929E4B56B007B48BD /* NeuExtensions.swift in Sources */,
				4F388CD029E9CC6A00D66D2E /* AppIconHelper.swift in Sources */,
				4F4DEF3C29E4BD86007B48BD /* CountdownTimer.swift in Sources */,
				4F388CD229ECA49300D66D2E /* SettingsView.swift in Sources */,
				4F4DEF2129E4786E007B48BD /* ContentView.swift in Sources */,
				4F4DEF1F29E4786E007B48BD /* NeuPomodoroApp.swift in Sources */,
				4F4DEF3729E4B53C007B48BD /* NeuButton.swift in Sources */,
				4F4DEF3529E4B4EE007B48BD /* NeuShape.swift in Sources */,
				4F388CDC29EE57C300D66D2E /* MacSettings.swift in Sources */,
			);
			runOnlyForDeploymentPostprocessing = 0;
		};
/* End PBXSourcesBuildPhase section */

/* Begin XCBuildConfiguration section */
		4F4DEF2829E47870007B48BD /* Debug */ = {
			isa = XCBuildConfiguration;
			buildSettings = {
				ALWAYS_SEARCH_USER_PATHS = NO;
				CLANG_ANALYZER_NONNULL = YES;
				CLANG_ANALYZER_NUMBER_OBJECT_CONVERSION = YES_AGGRESSIVE;
				CLANG_CXX_LANGUAGE_STANDARD = "gnu++20";
				CLANG_ENABLE_MODULES = YES;
				CLANG_ENABLE_OBJC_ARC = YES;
				CLANG_ENABLE_OBJC_WEAK = YES;
				CLANG_WARN_BLOCK_CAPTURE_AUTORELEASING = YES;
				CLANG_WARN_BOOL_CONVERSION = YES;
				CLANG_WARN_COMMA = YES;
				CLANG_WARN_CONSTANT_CONVERSION = YES;
				CLANG_WARN_DEPRECATED_OBJC_IMPLEMENTATIONS = YES;
				CLANG_WARN_DIRECT_OBJC_ISA_USAGE = YES_ERROR;
				CLANG_WARN_DOCUMENTATION_COMMENTS = YES;
				CLANG_WARN_EMPTY_BODY = YES;
				CLANG_WARN_ENUM_CONVERSION = YES;
				CLANG_WARN_INFINITE_RECURSION = YES;
				CLANG_WARN_INT_CONVERSION = YES;
				CLANG_WARN_NON_LITERAL_NULL_CONVERSION = YES;
				CLANG_WARN_OBJC_IMPLICIT_RETAIN_SELF = YES;
				CLANG_WARN_OBJC_LITERAL_CONVERSION = YES;
				CLANG_WARN_OBJC_ROOT_CLASS = YES_ERROR;
				CLANG_WARN_QUOTED_INCLUDE_IN_FRAMEWORK_HEADER = YES;
				CLANG_WARN_RANGE_LOOP_ANALYSIS = YES;
				CLANG_WARN_STRICT_PROTOTYPES = YES;
				CLANG_WARN_SUSPICIOUS_MOVE = YES;
				CLANG_WARN_UNGUARDED_AVAILABILITY = YES_AGGRESSIVE;
				CLANG_WARN_UNREACHABLE_CODE = YES;
				CLANG_WARN__DUPLICATE_METHOD_MATCH = YES;
				COPY_PHASE_STRIP = NO;
				DEBUG_INFORMATION_FORMAT = dwarf;
				ENABLE_STRICT_OBJC_MSGSEND = YES;
				ENABLE_TESTABILITY = YES;
				GCC_C_LANGUAGE_STANDARD = gnu11;
				GCC_DYNAMIC_NO_PIC = NO;
				GCC_NO_COMMON_BLOCKS = YES;
				GCC_OPTIMIZATION_LEVEL = 0;
				GCC_PREPROCESSOR_DEFINITIONS = (
					"DEBUG=1",
					"$(inherited)",
				);
				GCC_WARN_64_TO_32_BIT_CONVERSION = YES;
				GCC_WARN_ABOUT_RETURN_TYPE = YES_ERROR;
				GCC_WARN_UNDECLARED_SELECTOR = YES;
				GCC_WARN_UNINITIALIZED_AUTOS = YES_AGGRESSIVE;
				GCC_WARN_UNUSED_FUNCTION = YES;
				GCC_WARN_UNUSED_VARIABLE = YES;
				IPHONEOS_DEPLOYMENT_TARGET = 16.0;
				MACOSX_DEPLOYMENT_TARGET = 13.0;
				MTL_ENABLE_DEBUG_INFO = INCLUDE_SOURCE;
				MTL_FAST_MATH = YES;
				ONLY_ACTIVE_ARCH = YES;
				SWIFT_ACTIVE_COMPILATION_CONDITIONS = DEBUG;
				SWIFT_OPTIMIZATION_LEVEL = "-Onone";
			};
			name = Debug;
		};
		4F4DEF2929E47870007B48BD /* Release */ = {
			isa = XCBuildConfiguration;
			buildSettings = {
				ALWAYS_SEARCH_USER_PATHS = NO;
				CLANG_ANALYZER_NONNULL = YES;
				CLANG_ANALYZER_NUMBER_OBJECT_CONVERSION = YES_AGGRESSIVE;
				CLANG_CXX_LANGUAGE_STANDARD = "gnu++20";
				CLANG_ENABLE_MODULES = YES;
				CLANG_ENABLE_OBJC_ARC = YES;
				CLANG_ENABLE_OBJC_WEAK = YES;
				CLANG_WARN_BLOCK_CAPTURE_AUTORELEASING = YES;
				CLANG_WARN_BOOL_CONVERSION = YES;
				CLANG_WARN_COMMA = YES;
				CLANG_WARN_CONSTANT_CONVERSION = YES;
				CLANG_WARN_DEPRECATED_OBJC_IMPLEMENTATIONS = YES;
				CLANG_WARN_DIRECT_OBJC_ISA_USAGE = YES_ERROR;
				CLANG_WARN_DOCUMENTATION_COMMENTS = YES;
				CLANG_WARN_EMPTY_BODY = YES;
				CLANG_WARN_ENUM_CONVERSION = YES;
				CLANG_WARN_INFINITE_RECURSION = YES;
				CLANG_WARN_INT_CONVERSION = YES;
				CLANG_WARN_NON_LITERAL_NULL_CONVERSION = YES;
				CLANG_WARN_OBJC_IMPLICIT_RETAIN_SELF = YES;
				CLANG_WARN_OBJC_LITERAL_CONVERSION = YES;
				CLANG_WARN_OBJC_ROOT_CLASS = YES_ERROR;
				CLANG_WARN_QUOTED_INCLUDE_IN_FRAMEWORK_HEADER = YES;
				CLANG_WARN_RANGE_LOOP_ANALYSIS = YES;
				CLANG_WARN_STRICT_PROTOTYPES = YES;
				CLANG_WARN_SUSPICIOUS_MOVE = YES;
				CLANG_WARN_UNGUARDED_AVAILABILITY = YES_AGGRESSIVE;
				CLANG_WARN_UNREACHABLE_CODE = YES;
				CLANG_WARN__DUPLICATE_METHOD_MATCH = YES;
				COPY_PHASE_STRIP = NO;
				DEBUG_INFORMATION_FORMAT = "dwarf-with-dsym";
				ENABLE_NS_ASSERTIONS = NO;
				ENABLE_STRICT_OBJC_MSGSEND = YES;
				GCC_C_LANGUAGE_STANDARD = gnu11;
				GCC_NO_COMMON_BLOCKS = YES;
				GCC_WARN_64_TO_32_BIT_CONVERSION = YES;
				GCC_WARN_ABOUT_RETURN_TYPE = YES_ERROR;
				GCC_WARN_UNDECLARED_SELECTOR = YES;
				GCC_WARN_UNINITIALIZED_AUTOS = YES_AGGRESSIVE;
				GCC_WARN_UNUSED_FUNCTION = YES;
				GCC_WARN_UNUSED_VARIABLE = YES;
				IPHONEOS_DEPLOYMENT_TARGET = 16.0;
				MACOSX_DEPLOYMENT_TARGET = 13.0;
				MTL_ENABLE_DEBUG_INFO = NO;
				MTL_FAST_MATH = YES;
				SWIFT_COMPILATION_MODE = wholemodule;
				SWIFT_OPTIMIZATION_LEVEL = "-O";
			};
			name = Release;
		};
		4F4DEF2B29E47870007B48BD /* Debug */ = {
			isa = XCBuildConfiguration;
			buildSettings = {
				ASSETCATALOG_COMPILER_ALTERNATE_APPICON_NAMES = "";
				ASSETCATALOG_COMPILER_APPICON_NAME = AppIcon;
				ASSETCATALOG_COMPILER_GLOBAL_ACCENT_COLOR_NAME = AccentColor;
				ASSETCATALOG_COMPILER_INCLUDE_ALL_APPICON_ASSETS = YES;
				CODE_SIGN_ENTITLEMENTS = NeuPomodoro/NeuPomodoro.entitlements;
				CODE_SIGN_STYLE = Automatic;
				CURRENT_PROJECT_VERSION = 1;
				DEVELOPMENT_ASSET_PATHS = "\"NeuPomodoro/Preview Content\"";
				DEVELOPMENT_TEAM = UXLTZUK5UN;
				ENABLE_HARDENED_RUNTIME = YES;
				ENABLE_PREVIEWS = YES;
				GENERATE_INFOPLIST_FILE = YES;
				INFOPLIST_KEY_CFBundleDisplayName = NeuPomodoro;
				INFOPLIST_KEY_LSApplicationCategoryType = "public.app-category.productivity";
				"INFOPLIST_KEY_UIApplicationSceneManifest_Generation[sdk=iphoneos*]" = YES;
				"INFOPLIST_KEY_UIApplicationSceneManifest_Generation[sdk=iphonesimulator*]" = YES;
				"INFOPLIST_KEY_UIApplicationSupportsIndirectInputEvents[sdk=iphoneos*]" = YES;
				"INFOPLIST_KEY_UIApplicationSupportsIndirectInputEvents[sdk=iphonesimulator*]" = YES;
				"INFOPLIST_KEY_UILaunchScreen_Generation[sdk=iphoneos*]" = YES;
				"INFOPLIST_KEY_UILaunchScreen_Generation[sdk=iphonesimulator*]" = YES;
				"INFOPLIST_KEY_UIStatusBarStyle[sdk=iphoneos*]" = UIStatusBarStyleDefault;
				"INFOPLIST_KEY_UIStatusBarStyle[sdk=iphonesimulator*]" = UIStatusBarStyleDefault;
				INFOPLIST_KEY_UISupportedInterfaceOrientations_iPad = "UIInterfaceOrientationPortrait UIInterfaceOrientationPortraitUpsideDown UIInterfaceOrientationLandscapeLeft UIInterfaceOrientationLandscapeRight";
				INFOPLIST_KEY_UISupportedInterfaceOrientations_iPhone = "UIInterfaceOrientationPortrait UIInterfaceOrientationLandscapeLeft UIInterfaceOrientationLandscapeRight";
				IPHONEOS_DEPLOYMENT_TARGET = 16.0;
				LD_RUNPATH_SEARCH_PATHS = "@executable_path/Frameworks";
				"LD_RUNPATH_SEARCH_PATHS[sdk=macosx*]" = "@executable_path/../Frameworks";
				MACOSX_DEPLOYMENT_TARGET = 13.0;
				MARKETING_VERSION = 1.0;
				PRODUCT_BUNDLE_IDENTIFIER = com.lschoeman.NeuPomodoro;
				PRODUCT_NAME = "$(TARGET_NAME)";
				SDKROOT = auto;
				SUPPORTED_PLATFORMS = "iphoneos iphonesimulator macosx";
				SWIFT_EMIT_LOC_STRINGS = YES;
				SWIFT_VERSION = 5.0;
				TARGETED_DEVICE_FAMILY = "1,2";
			};
			name = Debug;
		};
		4F4DEF2C29E47870007B48BD /* Release */ = {
			isa = XCBuildConfiguration;
			buildSettings = {
				ASSETCATALOG_COMPILER_ALTERNATE_APPICON_NAMES = "";
				ASSETCATALOG_COMPILER_APPICON_NAME = AppIcon;
				ASSETCATALOG_COMPILER_GLOBAL_ACCENT_COLOR_NAME = AccentColor;
				ASSETCATALOG_COMPILER_INCLUDE_ALL_APPICON_ASSETS = YES;
				CODE_SIGN_ENTITLEMENTS = NeuPomodoro/NeuPomodoro.entitlements;
				CODE_SIGN_STYLE = Automatic;
				CURRENT_PROJECT_VERSION = 1;
				DEVELOPMENT_ASSET_PATHS = "\"NeuPomodoro/Preview Content\"";
				DEVELOPMENT_TEAM = UXLTZUK5UN;
				ENABLE_HARDENED_RUNTIME = YES;
				ENABLE_PREVIEWS = YES;
				GENERATE_INFOPLIST_FILE = YES;
				INFOPLIST_KEY_CFBundleDisplayName = NeuPomodoro;
				INFOPLIST_KEY_LSApplicationCategoryType = "public.app-category.productivity";
				"INFOPLIST_KEY_UIApplicationSceneManifest_Generation[sdk=iphoneos*]" = YES;
				"INFOPLIST_KEY_UIApplicationSceneManifest_Generation[sdk=iphonesimulator*]" = YES;
				"INFOPLIST_KEY_UIApplicationSupportsIndirectInputEvents[sdk=iphoneos*]" = YES;
				"INFOPLIST_KEY_UIApplicationSupportsIndirectInputEvents[sdk=iphonesimulator*]" = YES;
				"INFOPLIST_KEY_UILaunchScreen_Generation[sdk=iphoneos*]" = YES;
				"INFOPLIST_KEY_UILaunchScreen_Generation[sdk=iphonesimulator*]" = YES;
				"INFOPLIST_KEY_UIStatusBarStyle[sdk=iphoneos*]" = UIStatusBarStyleDefault;
				"INFOPLIST_KEY_UIStatusBarStyle[sdk=iphonesimulator*]" = UIStatusBarStyleDefault;
				INFOPLIST_KEY_UISupportedInterfaceOrientations_iPad = "UIInterfaceOrientationPortrait UIInterfaceOrientationPortraitUpsideDown UIInterfaceOrientationLandscapeLeft UIInterfaceOrientationLandscapeRight";
				INFOPLIST_KEY_UISupportedInterfaceOrientations_iPhone = "UIInterfaceOrientationPortrait UIInterfaceOrientationLandscapeLeft UIInterfaceOrientationLandscapeRight";
				IPHONEOS_DEPLOYMENT_TARGET = 16.0;
				LD_RUNPATH_SEARCH_PATHS = "@executable_path/Frameworks";
				"LD_RUNPATH_SEARCH_PATHS[sdk=macosx*]" = "@executable_path/../Frameworks";
				MACOSX_DEPLOYMENT_TARGET = 13.0;
				MARKETING_VERSION = 1.0;
				PRODUCT_BUNDLE_IDENTIFIER = com.lschoeman.NeuPomodoro;
				PRODUCT_NAME = "$(TARGET_NAME)";
				SDKROOT = auto;
				SUPPORTED_PLATFORMS = "iphoneos iphonesimulator macosx";
				SWIFT_EMIT_LOC_STRINGS = YES;
				SWIFT_VERSION = 5.0;
				TARGETED_DEVICE_FAMILY = "1,2";
			};
			name = Release;
		};
/* End XCBuildConfiguration section */

/* Begin XCConfigurationList section */
		4F4DEF1629E4786E007B48BD /* Build configuration list for PBXProject "NeuPomodoro" */ = {
			isa = XCConfigurationList;
			buildConfigurations = (
				4F4DEF2829E47870007B48BD /* Debug */,
				4F4DEF2929E47870007B48BD /* Release */,
			);
			defaultConfigurationIsVisible = 0;
			defaultConfigurationName = Release;
		};
		4F4DEF2A29E47870007B48BD /* Build configuration list for PBXNativeTarget "NeuPomodoro" */ = {
			isa = XCConfigurationList;
			buildConfigurations = (
				4F4DEF2B29E47870007B48BD /* Debug */,
				4F4DEF2C29E47870007B48BD /* Release */,
			);
			defaultConfigurationIsVisible = 0;
			defaultConfigurationName = Release;
		};
/* End XCConfigurationList section */
	};
	rootObject = 4F4DEF1329E4786E007B48BD /* Project object */;
}
